
Microsoft Visual Studio Solution File, Format Version 12.00
# Visual Studio Version 17
VisualStudioVersion = 17.4.33122.133
MinimumVisualStudioVersion = 10.0.40219.1
Project("{FAE04EC0-301F-11D3-BF4B-00C04F79EFBC}") = "SportStore", "SportStore\SportStore.csproj", "{0187B89A-F429-4CBB-962D-688203990F79}"
EndProject
Global
	GlobalSection(SolutionConfigurationPlatforms) = preSolution
		Debug|Any CPU = Debug|Any CPU
		Release|Any CPU = Release|Any CPU
	EndGlobalSection
	GlobalSection(ProjectConfigurationPlatforms) = postSolution
		{0187B89A-F429-4CBB-962D-688203990F79}.Debug|Any CPU.ActiveCfg = Debug|Any CPU
		{0187B89A-F429-4CBB-962D-688203990F79}.Debug|Any CPU.Build.0 = Debug|Any CPU
		{0187B89A-F429-4CBB-962D-688203990F79}.Release|Any CPU.ActiveCfg = Release|Any CPU
		{0187B89A-F429-4CBB-962D-688203990F79}.Release|Any CPU.Build.0 = Release|Any CPU
	EndGlobalSection
	GlobalSection(SolutionProperties) = preSolution
		HideSolutionNode = FALSE
	EndGlobalSection
	GlobalSection(ExtensibilityGlobals) = postSolution
		SolutionGuid = {79BCA0A7-64E0-4223-8D55-D03A02D260F0}
	EndGlobalSection
EndGlobal
